
Microsoft Visual Studio Solution File, Format Version 12.00
# Visual Studio Version 16
VisualStudioVersion = 16.0.30128.74
MinimumVisualStudioVersion = 10.0.40219.1
Project("{FAE04EC0-301F-11D3-BF4B-00C04F79EFBC}") = "PrimeCalculator", "PrimeCalculator\PrimeCalculator.csproj", "{87559144-B2E2-4E65-ABDE-E83F2541BA1F}"
EndProject
Project("{FAE04EC0-301F-11D3-BF4B-00C04F79EFBC}") = "PrimeCalculator.Tests", "PrimeCalculator.Tests\PrimeCalculator.Tests.csproj", "{822ED770-1021-4876-AF1F-EBB196C314BA}"
EndProject
Project("{FAE04EC0-301F-11D3-BF4B-00C04F79EFBC}") = "FindPrime", "FindPrime\FindPrime.csproj", "{9E9DB24D-3121-4272-AC53-646F02E5568C}"
EndProject
Global
	GlobalSection(SolutionConfigurationPlatforms) = preSolution
		Debug|Any CPU = Debug|Any CPU
		Release|Any CPU = Release|Any CPU
	EndGlobalSection
	GlobalSection(ProjectConfigurationPlatforms) = postSolution
		{87559144-B2E2-4E65-ABDE-E83F2541BA1F}.Debug|Any CPU.ActiveCfg = Debug|Any CPU
		{87559144-B2E2-4E65-ABDE-E83F2541BA1F}.Debug|Any CPU.Build.0 = Debug|Any CPU
		{87559144-B2E2-4E65-ABDE-E83F2541BA1F}.Release|Any CPU.ActiveCfg = Release|Any CPU
		{87559144-B2E2-4E65-ABDE-E83F2541BA1F}.Release|Any CPU.Build.0 = Release|Any CPU
		{822ED770-1021-4876-AF1F-EBB196C314BA}.Debug|Any CPU.ActiveCfg = Debug|Any CPU
		{822ED770-1021-4876-AF1F-EBB196C314BA}.Debug|Any CPU.Build.0 = Debug|Any CPU
		{822ED770-1021-4876-AF1F-EBB196C314BA}.Release|Any CPU.ActiveCfg = Release|Any CPU
		{822ED770-1021-4876-AF1F-EBB196C314BA}.Release|Any CPU.Build.0 = Release|Any CPU
		{9E9DB24D-3121-4272-AC53-646F02E5568C}.Debug|Any CPU.ActiveCfg = Debug|Any CPU
		{9E9DB24D-3121-4272-AC53-646F02E5568C}.Debug|Any CPU.Build.0 = Debug|Any CPU
		{9E9DB24D-3121-4272-AC53-646F02E5568C}.Release|Any CPU.ActiveCfg = Release|Any CPU
		{9E9DB24D-3121-4272-AC53-646F02E5568C}.Release|Any CPU.Build.0 = Release|Any CPU
	EndGlobalSection
	GlobalSection(SolutionProperties) = preSolution
		HideSolutionNode = FALSE
	EndGlobalSection
	GlobalSection(ExtensibilityGlobals) = postSolution
		SolutionGuid = {AE0243B3-B32D-465B-B9F1-14385D5CE0A6}
	EndGlobalSection
EndGlobal
